// !$*UTF8*$!
{
	archiveVersion = 1;
	classes = {
	};
	objectVersion = 46;
	objects = {

/* Begin PBXBuildFile section */
		1347DEDF1901E56B00D7CB13 /* Foundation.framework in Frameworks */ = {isa = PBXBuildFile; fileRef = 1347DEDE1901E56B00D7CB13 /* Foundation.framework */; };
		1347DEE11901E56B00D7CB13 /* CoreGraphics.framework in Frameworks */ = {isa = PBXBuildFile; fileRef = 1347DEE01901E56B00D7CB13 /* CoreGraphics.framework */; };
		1347DEE31901E56B00D7CB13 /* UIKit.framework in Frameworks */ = {isa = PBXBuildFile; fileRef = 1347DEE21901E56B00D7CB13 /* UIKit.framework */; };
		1347DEE91901E56B00D7CB13 /* InfoPlist.strings in Resources */ = {isa = PBXBuildFile; fileRef = 1347DEE71901E56B00D7CB13 /* InfoPlist.strings */; };
		1347DEEB1901E56B00D7CB13 /* main.m in Sources */ = {isa = PBXBuildFile; fileRef = 1347DEEA1901E56B00D7CB13 /* main.m */; };
		1347DEEF1901E56B00D7CB13 /* AppDelegate.m in Sources */ = {isa = PBXBuildFile; fileRef = 1347DEEE1901E56B00D7CB13 /* AppDelegate.m */; };
		1347DEF21901E56B00D7CB13 /* Main.storyboard in Resources */ = {isa = PBXBuildFile; fileRef = 1347DEF01901E56B00D7CB13 /* Main.storyboard */; };
		1347DEF71901E56B00D7CB13 /* Images.xcassets in Resources */ = {isa = PBXBuildFile; fileRef = 1347DEF61901E56B00D7CB13 /* Images.xcassets */; };
		1347DEFE1901E56B00D7CB13 /* XCTest.framework in Frameworks */ = {isa = PBXBuildFile; fileRef = 1347DEFD1901E56B00D7CB13 /* XCTest.framework */; };
		1347DEFF1901E56B00D7CB13 /* Foundation.framework in Frameworks */ = {isa = PBXBuildFile; fileRef = 1347DEDE1901E56B00D7CB13 /* Foundation.framework */; };
		1347DF001901E56B00D7CB13 /* UIKit.framework in Frameworks */ = {isa = PBXBuildFile; fileRef = 1347DEE21901E56B00D7CB13 /* UIKit.framework */; };
		1347DF081901E56B00D7CB13 /* InfoPlist.strings in Resources */ = {isa = PBXBuildFile; fileRef = 1347DF061901E56B00D7CB13 /* InfoPlist.strings */; };
		1347DF0A1901E56B00D7CB13 /* CustomViewTransitionCollectionTests.m in Sources */ = {isa = PBXBuildFile; fileRef = 1347DF091901E56B00D7CB13 /* CustomViewTransitionCollectionTests.m */; };
		1347DF151901E8D900D7CB13 /* MainViewController.m in Sources */ = {isa = PBXBuildFile; fileRef = 1347DF141901E8D900D7CB13 /* MainViewController.m */; };
/* End PBXBuildFile section */

/* Begin PBXContainerItemProxy section */
		1347DF011901E56B00D7CB13 /* PBXContainerItemProxy */ = {
			isa = PBXContainerItemProxy;
			containerPortal = 1347DED31901E56B00D7CB13 /* Project object */;
			proxyType = 1;
			remoteGlobalIDString = 1347DEDA1901E56B00D7CB13;
			remoteInfo = CustomViewTransitionCollection;
		};
/* End PBXContainerItemProxy section */

/* Begin PBXFileReference section */
		1347DEDB1901E56B00D7CB13 /* CustomViewTransitionCollection.app */ = {isa = PBXFileReference; explicitFileType = wrapper.application; includeInIndex = 0; path = CustomViewTransitionCollection.app; sourceTree = BUILT_PRODUCTS_DIR; };
		1347DEDE1901E56B00D7CB13 /* Foundation.framework */ = {isa = PBXFileReference; lastKnownFileType = wrapper.framework; name = Foundation.framework; path = System/Library/Frameworks/Foundation.framework; sourceTree = SDKROOT; };
		1347DEE01901E56B00D7CB13 /* CoreGraphics.framework */ = {isa = PBXFileReference; lastKnownFileType = wrapper.framework; name = CoreGraphics.framework; path = System/Library/Frameworks/CoreGraphics.framework; sourceTree = SDKROOT; };
		1347DEE21901E56B00D7CB13 /* UIKit.framework */ = {isa = PBXFileReference; lastKnownFileType = wrapper.framework; name = UIKit.framework; path = System/Library/Frameworks/UIKit.framework; sourceTree = SDKROOT; };
		1347DEE61901E56B00D7CB13 /* CustomViewTransitionCollection-Info.plist */ = {isa = PBXFileReference; lastKnownFileType = text.plist.xml; path = "CustomViewTransitionCollection-Info.plist"; sourceTree = "<group>"; };
		1347DEE81901E56B00D7CB13 /* en */ = {isa = PBXFileReference; lastKnownFileType = text.plist.strings; name = en; path = en.lproj/InfoPlist.strings; sourceTree = "<group>"; };
		1347DEEA1901E56B00D7CB13 /* main.m */ = {isa = PBXFileReference; lastKnownFileType = sourcecode.c.objc; path = main.m; sourceTree = "<group>"; };
		1347DEEC1901E56B00D7CB13 /* CustomViewTransitionCollection-Prefix.pch */ = {isa = PBXFileReference; lastKnownFileType = sourcecode.c.h; path = "CustomViewTransitionCollection-Prefix.pch"; sourceTree = "<group>"; };
		1347DEED1901E56B00D7CB13 /* AppDelegate.h */ = {isa = PBXFileReference; lastKnownFileType = sourcecode.c.h; path = AppDelegate.h; sourceTree = "<group>"; };
		1347DEEE1901E56B00D7CB13 /* AppDelegate.m */ = {isa = PBXFileReference; lastKnownFileType = sourcecode.c.objc; path = AppDelegate.m; sourceTree = "<group>"; };
		1347DEF11901E56B00D7CB13 /* Base */ = {isa = PBXFileReference; lastKnownFileType = file.storyboard; name = Base; path = Base.lproj/Main.storyboard; sourceTree = "<group>"; };
		1347DEF61901E56B00D7CB13 /* Images.xcassets */ = {isa = PBXFileReference; lastKnownFileType = folder.assetcatalog; path = Images.xcassets; sourceTree = "<group>"; };
		1347DEFC1901E56B00D7CB13 /* CustomViewTransitionCollectionTests.xctest */ = {isa = PBXFileReference; explicitFileType = wrapper.cfbundle; includeInIndex = 0; path = CustomViewTransitionCollectionTests.xctest; sourceTree = BUILT_PRODUCTS_DIR; };
		1347DEFD1901E56B00D7CB13 /* XCTest.framework */ = {isa = PBXFileReference; lastKnownFileType = wrapper.framework; name = XCTest.framework; path = Library/Frameworks/XCTest.framework; sourceTree = DEVELOPER_DIR; };
		1347DF051901E56B00D7CB13 /* CustomViewTransitionCollectionTests-Info.plist */ = {isa = PBXFileReference; lastKnownFileType = text.plist.xml; path = "CustomViewTransitionCollectionTests-Info.plist"; sourceTree = "<group>"; };
		1347DF071901E56B00D7CB13 /* en */ = {isa = PBXFileReference; lastKnownFileType = text.plist.strings; name = en; path = en.lproj/InfoPlist.strings; sourceTree = "<group>"; };
		1347DF091901E56B00D7CB13 /* CustomViewTransitionCollectionTests.m */ = {isa = PBXFileReference; lastKnownFileType = sourcecode.c.objc; path = CustomViewTransitionCollectionTests.m; sourceTree = "<group>"; };
		1347DF131901E8D900D7CB13 /* MainViewController.h */ = {isa = PBXFileReference; fileEncoding = 4; lastKnownFileType = sourcecode.c.h; path = MainViewController.h; sourceTree = "<group>"; };
		1347DF141901E8D900D7CB13 /* MainViewController.m */ = {isa = PBXFileReference; fileEncoding = 4; lastKnownFileType = sourcecode.c.objc; path = MainViewController.m; sourceTree = "<group>"; };
/* End PBXFileReference section */

/* Begin PBXFrameworksBuildPhase section */
		1347DED81901E56B00D7CB13 /* Frameworks */ = {
			isa = PBXFrameworksBuildPhase;
			buildActionMask = 2147483647;
			files = (
				1347DEE11901E56B00D7CB13 /* CoreGraphics.framework in Frameworks */,
				1347DEE31901E56B00D7CB13 /* UIKit.framework in Frameworks */,
				1347DEDF1901E56B00D7CB13 /* Foundation.framework in Frameworks */,
			);
			runOnlyForDeploymentPostprocessing = 0;
		};
		1347DEF91901E56B00D7CB13 /* Frameworks */ = {
			isa = PBXFrameworksBuildPhase;
			buildActionMask = 2147483647;
			files = (
				1347DEFE1901E56B00D7CB13 /* XCTest.framework in Frameworks */,
				1347DF001901E56B00D7CB13 /* UIKit.framework in Frameworks */,
				1347DEFF1901E56B00D7CB13 /* Foundation.framework in Frameworks */,
			);
			runOnlyForDeploymentPostprocessing = 0;
		};
/* End PBXFrameworksBuildPhase section */

/* Begin PBXGroup section */
		1347DED21901E56B00D7CB13 = {
			isa = PBXGroup;
			children = (
				1347DEE41901E56B00D7CB13 /* CustomViewTransitionCollection */,
				1347DF031901E56B00D7CB13 /* CustomViewTransitionCollectionTests */,
				1347DEDD1901E56B00D7CB13 /* Frameworks */,
				1347DEDC1901E56B00D7CB13 /* Products */,
			);
			sourceTree = "<group>";
		};
		1347DEDC1901E56B00D7CB13 /* Products */ = {
			isa = PBXGroup;
			children = (
				1347DEDB1901E56B00D7CB13 /* CustomViewTransitionCollection.app */,
				1347DEFC1901E56B00D7CB13 /* CustomViewTransitionCollectionTests.xctest */,
			);
			name = Products;
			sourceTree = "<group>";
		};
		1347DEDD1901E56B00D7CB13 /* Frameworks */ = {
			isa = PBXGroup;
			children = (
				1347DEDE1901E56B00D7CB13 /* Foundation.framework */,
				1347DEE01901E56B00D7CB13 /* CoreGraphics.framework */,
				1347DEE21901E56B00D7CB13 /* UIKit.framework */,
				1347DEFD1901E56B00D7CB13 /* XCTest.framework */,
			);
			name = Frameworks;
			sourceTree = "<group>";
		};
		1347DEE41901E56B00D7CB13 /* CustomViewTransitionCollection */ = {
			isa = PBXGroup;
			children = (
				1347DEED1901E56B00D7CB13 /* AppDelegate.h */,
				1347DEEE1901E56B00D7CB13 /* AppDelegate.m */,
				1347DEF01901E56B00D7CB13 /* Main.storyboard */,
				1347DF131901E8D900D7CB13 /* MainViewController.h */,
				1347DF141901E8D900D7CB13 /* MainViewController.m */,
				1347DEF61901E56B00D7CB13 /* Images.xcassets */,
				1347DEE51901E56B00D7CB13 /* Supporting Files */,
			);
			path = CustomViewTransitionCollection;
			sourceTree = "<group>";
		};
		1347DEE51901E56B00D7CB13 /* Supporting Files */ = {
			isa = PBXGroup;
			children = (
				1347DEE61901E56B00D7CB13 /* CustomViewTransitionCollection-Info.plist */,
				1347DEE71901E56B00D7CB13 /* InfoPlist.strings */,
				1347DEEA1901E56B00D7CB13 /* main.m */,
				1347DEEC1901E56B00D7CB13 /* CustomViewTransitionCollection-Prefix.pch */,
			);
			name = "Supporting Files";
			sourceTree = "<group>";
		};
		1347DF031901E56B00D7CB13 /* CustomViewTransitionCollectionTests */ = {
			isa = PBXGroup;
			children = (
				1347DF091901E56B00D7CB13 /* CustomViewTransitionCollectionTests.m */,
				1347DF041901E56B00D7CB13 /* Supporting Files */,
			);
			path = CustomViewTransitionCollectionTests;
			sourceTree = "<group>";
		};
		1347DF041901E56B00D7CB13 /* Supporting Files */ = {
			isa = PBXGroup;
			children = (
				1347DF051901E56B00D7CB13 /* CustomViewTransitionCollectionTests-Info.plist */,
				1347DF061901E56B00D7CB13 /* InfoPlist.strings */,
			);
			name = "Supporting Files";
			sourceTree = "<group>";
		};
/* End PBXGroup section */

/* Begin PBXNativeTarget section */
		1347DEDA1901E56B00D7CB13 /* CustomViewTransitionCollection */ = {
			isa = PBXNativeTarget;
			buildConfigurationList = 1347DF0D1901E56B00D7CB13 /* Build configuration list for PBXNativeTarget "CustomViewTransitionCollection" */;
			buildPhases = (
				1347DED71901E56B00D7CB13 /* Sources */,
				1347DED81901E56B00D7CB13 /* Frameworks */,
				1347DED91901E56B00D7CB13 /* Resources */,
			);
			buildRules = (
			);
			dependencies = (
			);
			name = CustomViewTransitionCollection;
			productName = CustomViewTransitionCollection;
			productReference = 1347DEDB1901E56B00D7CB13 /* CustomViewTransitionCollection.app */;
			productType = "com.apple.product-type.application";
		};
		1347DEFB1901E56B00D7CB13 /* CustomViewTransitionCollectionTests */ = {
			isa = PBXNativeTarget;
			buildConfigurationList = 1347DF101901E56B00D7CB13 /* Build configuration list for PBXNativeTarget "CustomViewTransitionCollectionTests" */;
			buildPhases = (
				1347DEF81901E56B00D7CB13 /* Sources */,
				1347DEF91901E56B00D7CB13 /* Frameworks */,
				1347DEFA1901E56B00D7CB13 /* Resources */,
			);
			buildRules = (
			);
			dependencies = (
				1347DF021901E56B00D7CB13 /* PBXTargetDependency */,
			);
			name = CustomViewTransitionCollectionTests;
			productName = CustomViewTransitionCollectionTests;
			productReference = 1347DEFC1901E56B00D7CB13 /* CustomViewTransitionCollectionTests.xctest */;
			productType = "com.apple.product-type.bundle.unit-test";
		};
/* End PBXNativeTarget section */

/* Begin PBXProject section */
		1347DED31901E56B00D7CB13 /* Project object */ = {
			isa = PBXProject;
			attributes = {
				LastUpgradeCheck = 0510;
				ORGANIZATIONNAME = "Vavelin Kevin";
				TargetAttributes = {
					1347DEFB1901E56B00D7CB13 = {
						TestTargetID = 1347DEDA1901E56B00D7CB13;
					};
				};
			};
			buildConfigurationList = 1347DED61901E56B00D7CB13 /* Build configuration list for PBXProject "CustomViewTransitionCollection" */;
			compatibilityVersion = "Xcode 3.2";
			developmentRegion = English;
			hasScannedForEncodings = 0;
			knownRegions = (
				en,
				Base,
			);
			mainGroup = 1347DED21901E56B00D7CB13;
			productRefGroup = 1347DEDC1901E56B00D7CB13 /* Products */;
			projectDirPath = "";
			projectRoot = "";
			targets = (
				1347DEDA1901E56B00D7CB13 /* CustomViewTransitionCollection */,
				1347DEFB1901E56B00D7CB13 /* CustomViewTransitionCollectionTests */,
			);
		};
/* End PBXProject section */

/* Begin PBXResourcesBuildPhase section */
		1347DED91901E56B00D7CB13 /* Resources */ = {
			isa = PBXResourcesBuildPhase;
			buildActionMask = 2147483647;
			files = (
				1347DEF71901E56B00D7CB13 /* Images.xcassets in Resources */,
				1347DEE91901E56B00D7CB13 /* InfoPlist.strings in Resources */,
				1347DEF21901E56B00D7CB13 /* Main.storyboard in Resources */,
			);
			runOnlyForDeploymentPostprocessing = 0;
		};
		1347DEFA1901E56B00D7CB13 /* Resources */ = {
			isa = PBXResourcesBuildPhase;
			buildActionMask = 2147483647;
			files = (
				1347DF081901E56B00D7CB13 /* InfoPlist.strings in Resources */,
			);
			runOnlyForDeploymentPostprocessing = 0;
		};
/* End PBXResourcesBuildPhase section */

/* Begin PBXSourcesBuildPhase section */
		1347DED71901E56B00D7CB13 /* Sources */ = {
			isa = PBXSourcesBuildPhase;
			buildActionMask = 2147483647;
			files = (
				1347DEEF1901E56B00D7CB13 /* AppDelegate.m in Sources */,
				1347DF151901E8D900D7CB13 /* MainViewController.m in Sources */,
				1347DEEB1901E56B00D7CB13 /* main.m in Sources */,
			);
			runOnlyForDeploymentPostprocessing = 0;
		};
		1347DEF81901E56B00D7CB13 /* Sources */ = {
			isa = PBXSourcesBuildPhase;
			buildActionMask = 2147483647;
			files = (
				1347DF0A1901E56B00D7CB13 /* CustomViewTransitionCollectionTests.m in Sources */,
			);
			runOnlyForDeploymentPostprocessing = 0;
		};
/* End PBXSourcesBuildPhase section */

/* Begin PBXTargetDependency section */
		1347DF021901E56B00D7CB13 /* PBXTargetDependency */ = {
			isa = PBXTargetDependency;
			target = 1347DEDA1901E56B00D7CB13 /* CustomViewTransitionCollection */;
			targetProxy = 1347DF011901E56B00D7CB13 /* PBXContainerItemProxy */;
		};
/* End PBXTargetDependency section */

/* Begin PBXVariantGroup section */
		1347DEE71901E56B00D7CB13 /* InfoPlist.strings */ = {
			isa = PBXVariantGroup;
			children = (
				1347DEE81901E56B00D7CB13 /* en */,
			);
			name = InfoPlist.strings;
			sourceTree = "<group>";
		};
		1347DEF01901E56B00D7CB13 /* Main.storyboard */ = {
			isa = PBXVariantGroup;
			children = (
				1347DEF11901E56B00D7CB13 /* Base */,
			);
			name = Main.storyboard;
			sourceTree = "<group>";
		};
		1347DF061901E56B00D7CB13 /* InfoPlist.strings */ = {
			isa = PBXVariantGroup;
			children = (
				1347DF071901E56B00D7CB13 /* en */,
			);
			name = InfoPlist.strings;
			sourceTree = "<group>";
		};
/* End PBXVariantGroup section */

/* Begin XCBuildConfiguration section */
		1347DF0B1901E56B00D7CB13 /* Debug */ = {
			isa = XCBuildConfiguration;
			buildSettings = {
				ALWAYS_SEARCH_USER_PATHS = NO;
				CLANG_CXX_LANGUAGE_STANDARD = "gnu++0x";
				CLANG_CXX_LIBRARY = "libc++";
				CLANG_ENABLE_MODULES = YES;
				CLANG_ENABLE_OBJC_ARC = YES;
				CLANG_WARN_BOOL_CONVERSION = YES;
				CLANG_WARN_CONSTANT_CONVERSION = YES;
				CLANG_WARN_DIRECT_OBJC_ISA_USAGE = YES_ERROR;
				CLANG_WARN_EMPTY_BODY = YES;
				CLANG_WARN_ENUM_CONVERSION = YES;
				CLANG_WARN_INT_CONVERSION = YES;
				CLANG_WARN_OBJC_ROOT_CLASS = YES_ERROR;
				CLANG_WARN__DUPLICATE_METHOD_MATCH = YES;
				"CODE_SIGN_IDENTITY[sdk=iphoneos*]" = "iPhone Developer";
				COPY_PHASE_STRIP = NO;
				GCC_C_LANGUAGE_STANDARD = gnu99;
				GCC_DYNAMIC_NO_PIC = NO;
				GCC_OPTIMIZATION_LEVEL = 0;
				GCC_PREPROCESSOR_DEFINITIONS = (
					"DEBUG=1",
					"$(inherited)",
				);
				GCC_SYMBOLS_PRIVATE_EXTERN = NO;
				GCC_WARN_64_TO_32_BIT_CONVERSION = YES;
				GCC_WARN_ABOUT_RETURN_TYPE = YES_ERROR;
				GCC_WARN_UNDECLARED_SELECTOR = YES;
				GCC_WARN_UNINITIALIZED_AUTOS = YES_AGGRESSIVE;
				GCC_WARN_UNUSED_FUNCTION = YES;
				GCC_WARN_UNUSED_VARIABLE = YES;
				IPHONEOS_DEPLOYMENT_TARGET = 7.1;
				ONLY_ACTIVE_ARCH = YES;
				SDKROOT = iphoneos;
			};
			name = Debug;
		};
		1347DF0C1901E56B00D7CB13 /* Release */ = {
			isa = XCBuildConfiguration;
			buildSettings = {
				ALWAYS_SEARCH_USER_PATHS = NO;
				CLANG_CXX_LANGUAGE_STANDARD = "gnu++0x";
				CLANG_CXX_LIBRARY = "libc++";
				CLANG_ENABLE_MODULES = YES;
				CLANG_ENABLE_OBJC_ARC = YES;
				CLANG_WARN_BOOL_CONVERSION = YES;
				CLANG_WARN_CONSTANT_CONVERSION = YES;
				CLANG_WARN_DIRECT_OBJC_ISA_USAGE = YES_ERROR;
				CLANG_WARN_EMPTY_BODY = YES;
				CLANG_WARN_ENUM_CONVERSION = YES;
				CLANG_WARN_INT_CONVERSION = YES;
				CLANG_WARN_OBJC_ROOT_CLASS = YES_ERROR;
				CLANG_WARN__DUPLICATE_METHOD_MATCH = YES;
				"CODE_SIGN_IDENTITY[sdk=iphoneos*]" = "iPhone Developer";
				COPY_PHASE_STRIP = YES;
				ENABLE_NS_ASSERTIONS = NO;
				GCC_C_LANGUAGE_STANDARD = gnu99;
				GCC_WARN_64_TO_32_BIT_CONVERSION = YES;
				GCC_WARN_ABOUT_RETURN_TYPE = YES_ERROR;
				GCC_WARN_UNDECLARED_SELECTOR = YES;
				GCC_WARN_UNINITIALIZED_AUTOS = YES_AGGRESSIVE;
				GCC_WARN_UNUSED_FUNCTION = YES;
				GCC_WARN_UNUSED_VARIABLE = YES;
				IPHONEOS_DEPLOYMENT_TARGET = 7.1;
				SDKROOT = iphoneos;
				VALIDATE_PRODUCT = YES;
			};
			name = Release;
		};
		1347DF0E1901E56B00D7CB13 /* Debug */ = {
			isa = XCBuildConfiguration;
			buildSettings = {
				ASSETCATALOG_COMPILER_APPICON_NAME = AppIcon;
				ASSETCATALOG_COMPILER_LAUNCHIMAGE_NAME = LaunchImage;
				GCC_PRECOMPILE_PREFIX_HEADER = YES;
				GCC_PREFIX_HEADER = "CustomViewTransitionCollection/CustomViewTransitionCollection-Prefix.pch";
				INFOPLIST_FILE = "CustomViewTransitionCollection/CustomViewTransitionCollection-Info.plist";
				PRODUCT_NAME = "$(TARGET_NAME)";
				WRAPPER_EXTENSION = app;
			};
			name = Debug;
		};
		1347DF0F1901E56B00D7CB13 /* Release */ = {
			isa = XCBuildConfiguration;
			buildSettings = {
				ASSETCATALOG_COMPILER_APPICON_NAME = AppIcon;
				ASSETCATALOG_COMPILER_LAUNCHIMAGE_NAME = LaunchImage;
				GCC_PRECOMPILE_PREFIX_HEADER = YES;
				GCC_PREFIX_HEADER = "CustomViewTransitionCollection/CustomViewTransitionCollection-Prefix.pch";
				INFOPLIST_FILE = "CustomViewTransitionCollection/CustomViewTransitionCollection-Info.plist";
				PRODUCT_NAME = "$(TARGET_NAME)";
				WRAPPER_EXTENSION = app;
			};
			name = Release;
		};
		1347DF111901E56B00D7CB13 /* Debug */ = {
			isa = XCBuildConfiguration;
			buildSettings = {
				BUNDLE_LOADER = "$(BUILT_PRODUCTS_DIR)/CustomViewTransitionCollection.app/CustomViewTransitionCollection";
				FRAMEWORK_SEARCH_PATHS = (
					"$(SDKROOT)/Developer/Library/Frameworks",
					"$(inherited)",
					"$(DEVELOPER_FRAMEWORKS_DIR)",
				);
				GCC_PRECOMPILE_PREFIX_HEADER = YES;
				GCC_PREFIX_HEADER = "CustomViewTransitionCollection/CustomViewTransitionCollection-Prefix.pch";
				GCC_PREPROCESSOR_DEFINITIONS = (
					"DEBUG=1",
					"$(inherited)",
				);
				INFOPLIST_FILE = "CustomViewTransitionCollectionTests/CustomViewTransitionCollectionTests-Info.plist";
				PRODUCT_NAME = "$(TARGET_NAME)";
				TEST_HOST = "$(BUNDLE_LOADER)";
				WRAPPER_EXTENSION = xctest;
			};
			name = Debug;
		};
		1347DF121901E56B00D7CB13 /* Release */ = {
			isa = XCBuildConfiguration;
			buildSettings = {
				BUNDLE_LOADER = "$(BUILT_PRODUCTS_DIR)/CustomViewTransitionCollection.app/CustomViewTransitionCollection";
				FRAMEWORK_SEARCH_PATHS = (
					"$(SDKROOT)/Developer/Library/Frameworks",
					"$(inherited)",
					"$(DEVELOPER_FRAMEWORKS_DIR)",
				);
				GCC_PRECOMPILE_PREFIX_HEADER = YES;
				GCC_PREFIX_HEADER = "CustomViewTransitionCollection/CustomViewTransitionCollection-Prefix.pch";
				INFOPLIST_FILE = "CustomViewTransitionCollectionTests/CustomViewTransitionCollectionTests-Info.plist";
				PRODUCT_NAME = "$(TARGET_NAME)";
				TEST_HOST = "$(BUNDLE_LOADER)";
				WRAPPER_EXTENSION = xctest;
			};
			name = Release;
		};
/* End XCBuildConfiguration section */

/* Begin XCConfigurationList section */
		1347DED61901E56B00D7CB13 /* Build configuration list for PBXProject "CustomViewTransitionCollection" */ = {
			isa = XCConfigurationList;
			buildConfigurations = (
				1347DF0B1901E56B00D7CB13 /* Debug */,
				1347DF0C1901E56B00D7CB13 /* Release */,
			);
			defaultConfigurationIsVisible = 0;
			defaultConfigurationName = Release;
		};
		1347DF0D1901E56B00D7CB13 /* Build configuration list for PBXNativeTarget "CustomViewTransitionCollection" */ = {
			isa = XCConfigurationList;
			buildConfigurations = (
				1347DF0E1901E56B00D7CB13 /* Debug */,
				1347DF0F1901E56B00D7CB13 /* Release */,
			);
			defaultConfigurationIsVisible = 0;
		};
		1347DF101901E56B00D7CB13 /* Build configuration list for PBXNativeTarget "CustomViewTransitionCollectionTests" */ = {
			isa = XCConfigurationList;
			buildConfigurations = (
				1347DF111901E56B00D7CB13 /* Debug */,
				1347DF121901E56B00D7CB13 /* Release */,
			);
			defaultConfigurationIsVisible = 0;
		};
/* End XCConfigurationList section */
	};
	rootObject = 1347DED31901E56B00D7CB13 /* Project object */;
}
